
Microsoft Visual Studio Solution File, Format Version 12.00
# Visual Studio Version 17
VisualStudioVersion = 17.13.35931.197 d17.13
MinimumVisualStudioVersion = 10.0.40219.1
Project("{FAE04EC0-301F-11D3-BF4B-00C04F79EFBC}") = "KeeWoodworking_BFF", "KeeWoodworking_BFF\KeeWoodworking_BFF.csproj", "{66E0A480-A368-433B-8459-6EEE6BC60D94}"
EndProject
Global
	GlobalSection(SolutionConfigurationPlatforms) = preSolution
		Debug|Any CPU = Debug|Any CPU
		Release|Any CPU = Release|Any CPU
	EndGlobalSection
	GlobalSection(ProjectConfigurationPlatforms) = postSolution
		{66E0A480-A368-433B-8459-6EEE6BC60D94}.Debug|Any CPU.ActiveCfg = Debug|Any CPU
		{66E0A480-A368-433B-8459-6EEE6BC60D94}.Debug|Any CPU.Build.0 = Debug|Any CPU
		{66E0A480-A368-433B-8459-6EEE6BC60D94}.Release|Any CPU.ActiveCfg = Release|Any CPU
		{66E0A480-A368-433B-8459-6EEE6BC60D94}.Release|Any CPU.Build.0 = Release|Any CPU
	EndGlobalSection
	GlobalSection(SolutionProperties) = preSolution
		HideSolutionNode = FALSE
	EndGlobalSection
	GlobalSection(ExtensibilityGlobals) = postSolution
		SolutionGuid = {C612FEF8-4CDC-47AD-8316-9A6E79692DF1}
	EndGlobalSection
EndGlobal
